{
  "name": "bbl",
  "lockfileVersion": 3,
  "requires": true,
  "packages": {
    "": {
      "dependencies": {
        "@yaireo/dragsort": "^1.3.2",
        "sortablejs": "^1.15.6"
      }
    },
    "node_modules/@yaireo/dragsort": {
      "version": "1.3.2",
      "resolved": "https://registry.npmjs.org/@yaireo/dragsort/-/dragsort-1.3.2.tgz",
      "integrity": "sha512-Lc+oAvQfpOwBTUR2F1Y2kGRxIIK9zVkme3NIEpsPIlZbNjvYOzX4bem0rWEofF5RTYZwz9TU3XJdQABX/vb/uA=="
    },
    "node_modules/sortablejs": {
      "version": "1.15.6",
      "resolved": "https://registry.npmjs.org/sortablejs/-/sortablejs-1.15.6.tgz",
      "integrity": "sha512-aNfiuwMEpfBM/CN6LY0ibyhxPfPbyFeBTYJKCvzkJ2GkUpazIt3H+QIPAMHwqQ7tMKaHz1Qj+rJJCqljnf4p3A=="
    }
  }
}
