{
  "name": "bbl",
  "lockfileVersion": 3,
  "requires": true,
  "packages": {
    "": {
      "dependencies": {
        "@uppy/status-bar": "^4.1.3"
      }
    },
    "node_modules/@transloadit/prettier-bytes": {
      "version": "0.3.5",
      "resolved": "https://registry.npmjs.org/@transloadit/prettier-bytes/-/prettier-bytes-0.3.5.tgz",
      "integrity": "sha512-xF4A3d/ZyX2LJWeQZREZQw+qFX4TGQ8bGVP97OLRt6sPO6T0TNHBFTuRHOJh7RNmYOBmQ9MHxpolD9bXihpuVA=="
    },
    "node_modules/@uppy/core": {
      "version": "4.4.4",
      "resolved": "https://registry.npmjs.org/@uppy/core/-/core-4.4.4.tgz",
      "integrity": "sha512-etaG6uSrShnS8x/CGI9ME/XP23jw8FTkujzKbaag4lDTtdlvcs6PxcObtH3I5MxxJXUEWwcfVGTdAUvd/tGCaA==",
      "peer": true,
      "dependencies": {
        "@transloadit/prettier-bytes": "^0.3.4",
        "@uppy/store-default": "^4.2.0",
        "@uppy/utils": "^6.1.3",
        "lodash": "^4.17.21",
        "mime-match": "^1.0.2",
        "namespace-emitter": "^2.0.1",
        "nanoid": "^5.0.9",
        "preact": "^10.5.13"
      }
    },
    "node_modules/@uppy/status-bar": {
      "version": "4.1.3",
      "resolved": "https://registry.npmjs.org/@uppy/status-bar/-/status-bar-4.1.3.tgz",
      "integrity": "sha512-1YlbsoA9lTNL2b7nhehDri15XslVzGLG+J7HFAsxbE2cMHnOusuLCkm03oE9c72pOU9nG2qZV6yqdWBTwdxbNA==",
      "dependencies": {
        "@transloadit/prettier-bytes": "^0.3.4",
        "@uppy/utils": "^6.1.3",
        "classnames": "^2.2.6",
        "preact": "^10.5.13"
      },
      "peerDependencies": {
        "@uppy/core": "^4.4.4"
      }
    },
    "node_modules/@uppy/store-default": {
      "version": "4.2.0",
      "resolved": "https://registry.npmjs.org/@uppy/store-default/-/store-default-4.2.0.tgz",
      "integrity": "sha512-PieFVa8yTvRHIqsNKfpO/yaJw5Ae/hT7uT58ryw7gvCBY5bHrNWxH5N0XFe8PFHMpLpLn8v3UXGx9ib9QkB6+Q==",
      "peer": true
    },
    "node_modules/@uppy/utils": {
      "version": "6.1.3",
      "resolved": "https://registry.npmjs.org/@uppy/utils/-/utils-6.1.3.tgz",
      "integrity": "sha512-7WuTtMf0k1g962sE76mKy8aDV/kLeDrF8Wv1oTxaXQzUpmHBAoKd3FXLrQXu7TgM0XNHHRZXAckBttbVOWkKCw==",
      "dependencies": {
        "lodash": "^4.17.21",
        "preact": "^10.5.13"
      }
    },
    "node_modules/classnames": {
      "version": "2.5.1",
      "resolved": "https://registry.npmjs.org/classnames/-/classnames-2.5.1.tgz",
      "integrity": "sha512-saHYOzhIQs6wy2sVxTM6bUDsQO4F50V9RQ22qBpEdCW+I+/Wmke2HOl6lS6dTpdxVhb88/I6+Hs+438c3lfUow=="
    },
    "node_modules/lodash": {
      "version": "4.17.21",
      "resolved": "https://registry.npmjs.org/lodash/-/lodash-4.17.21.tgz",
      "integrity": "sha512-v2kDEe57lecTulaDIuNTPy3Ry4gLGJ6Z1O3vE1krgXZNrsQ+LFTGHVxVjcXPs17LhbZVGedAJv8XZ1tvj5FvSg=="
    },
    "node_modules/mime-match": {
      "version": "1.0.2",
      "resolved": "https://registry.npmjs.org/mime-match/-/mime-match-1.0.2.tgz",
      "integrity": "sha512-VXp/ugGDVh3eCLOBCiHZMYWQaTNUHv2IJrut+yXA6+JbLPXHglHwfS/5A5L0ll+jkCY7fIzRJcH6OIunF+c6Cg==",
      "peer": true,
      "dependencies": {
        "wildcard": "^1.1.0"
      }
    },
    "node_modules/namespace-emitter": {
      "version": "2.0.1",
      "resolved": "https://registry.npmjs.org/namespace-emitter/-/namespace-emitter-2.0.1.tgz",
      "integrity": "sha512-N/sMKHniSDJBjfrkbS/tpkPj4RAbvW3mr8UAzvlMHyun93XEm83IAvhWtJVHo+RHn/oO8Job5YN4b+wRjSVp5g==",
      "peer": true
    },
    "node_modules/nanoid": {
      "version": "5.1.5",
      "resolved": "https://registry.npmjs.org/nanoid/-/nanoid-5.1.5.tgz",
      "integrity": "sha512-Ir/+ZpE9fDsNH0hQ3C68uyThDXzYcim2EqcZ8zn8Chtt1iylPT9xXJB0kPCnqzgcEGikO9RxSrh63MsmVCU7Fw==",
      "funding": [
        {
          "type": "github",
          "url": "https://github.com/sponsors/ai"
        }
      ],
      "peer": true,
      "bin": {
        "nanoid": "bin/nanoid.js"
      },
      "engines": {
        "node": "^18 || >=20"
      }
    },
    "node_modules/preact": {
      "version": "10.26.5",
      "resolved": "https://registry.npmjs.org/preact/-/preact-10.26.5.tgz",
      "integrity": "sha512-fmpDkgfGU6JYux9teDWLhj9mKN55tyepwYbxHgQuIxbWQzgFg5vk7Mrrtfx7xRxq798ynkY4DDDxZr235Kk+4w==",
      "funding": {
        "type": "opencollective",
        "url": "https://opencollective.com/preact"
      }
    },
    "node_modules/wildcard": {
      "version": "1.1.2",
      "resolved": "https://registry.npmjs.org/wildcard/-/wildcard-1.1.2.tgz",
      "integrity": "sha512-DXukZJxpHA8LuotRwL0pP1+rS6CS7FF2qStDDE1C7DDg2rLud2PXRMuEDYIPhgEezwnlHNL4c+N6MfMTjCGTng==",
      "peer": true
    }
  }
}
